{
  "name": "42-transcendence",
  "lockfileVersion": 3,
  "requires": true,
  "packages": {
    "": {
      "dependencies": {
        "@geckos.io/snapshot-interpolation": "^1.1.0"
      }
    },
    "node_modules/@geckos.io/snapshot-interpolation": {
      "version": "1.1.0",
      "resolved": "https://registry.npmjs.org/@geckos.io/snapshot-interpolation/-/snapshot-interpolation-1.1.0.tgz",
      "integrity": "sha512-Hu+tZuMpBZTyPMgqHkgv78fIzCrTpz5DeyaAktwaGL8tyYaNTGrtR9TrtKzBKgpt0YNlpHYJrT0TAfGzrl1XVw==",
      "funding": {
        "url": "https://github.com/sponsors/yandeu"
      }
    }
  }
}
